// !$*UTF8*$!
{
	archiveVersion = 1;
	classes = {
	};
	objectVersion = 50;
	objects = {

/* Begin PBXBuildFile section */
		184C989E2347EEC600C8C9D6 /* AppDelegate.swift in Sources */ = {isa = PBXBuildFile; fileRef = 184C989D2347EEC600C8C9D6 /* AppDelegate.swift */; };
		184C98A02347EEC600C8C9D6 /* SceneDelegate.swift in Sources */ = {isa = PBXBuildFile; fileRef = 184C989F2347EEC600C8C9D6 /* SceneDelegate.swift */; };
		184C98A22347EEC600C8C9D6 /* ContentView.swift in Sources */ = {isa = PBXBuildFile; fileRef = 184C98A12347EEC600C8C9D6 /* ContentView.swift */; };
		184C98A42347EECC00C8C9D6 /* Assets.xcassets in Resources */ = {isa = PBXBuildFile; fileRef = 184C98A32347EECC00C8C9D6 /* Assets.xcassets */; };
		184C98A72347EECC00C8C9D6 /* Preview Assets.xcassets in Resources */ = {isa = PBXBuildFile; fileRef = 184C98A62347EECC00C8C9D6 /* Preview Assets.xcassets */; };
		184C98AA2347EECC00C8C9D6 /* LaunchScreen.storyboard in Resources */ = {isa = PBXBuildFile; fileRef = 184C98A82347EECC00C8C9D6 /* LaunchScreen.storyboard */; };
		184C98B52347EECC00C8C9D6 /* Purple_TreeTests.swift in Sources */ = {isa = PBXBuildFile; fileRef = 184C98B42347EECC00C8C9D6 /* Purple_TreeTests.swift */; };
		184C98C22347F25B00C8C9D6 /* SpeakerList.swift in Sources */ = {isa = PBXBuildFile; fileRef = 184C98C12347F25B00C8C9D6 /* SpeakerList.swift */; };
		184C98C72347F3EA00C8C9D6 /* UserData.swift in Sources */ = {isa = PBXBuildFile; fileRef = 184C98C62347F3EA00C8C9D6 /* UserData.swift */; };
		184C98D42347FC6F00C8C9D6 /* Data.swift in Sources */ = {isa = PBXBuildFile; fileRef = 184C98D32347FC6F00C8C9D6 /* Data.swift */; };
		184C98D82347FCF200C8C9D6 /* Event.swift in Sources */ = {isa = PBXBuildFile; fileRef = 184C98D72347FCF200C8C9D6 /* Event.swift */; };
		184C98DD2348067B00C8C9D6 /* eventData.json in Resources */ = {isa = PBXBuildFile; fileRef = 184C98DC2348067B00C8C9D6 /* eventData.json */; };
/* End PBXBuildFile section */

/* Begin PBXContainerItemProxy section */
		184C98B12347EECC00C8C9D6 /* PBXContainerItemProxy */ = {
			isa = PBXContainerItemProxy;
			containerPortal = 184C98922347EEC600C8C9D6 /* Project object */;
			proxyType = 1;
			remoteGlobalIDString = 184C98992347EEC600C8C9D6;
			remoteInfo = "Purple Tree";
		};
/* End PBXContainerItemProxy section */

/* Begin PBXFileReference section */
		184C989A2347EEC600C8C9D6 /* Purple Tree.app */ = {isa = PBXFileReference; explicitFileType = wrapper.application; includeInIndex = 0; path = "Purple Tree.app"; sourceTree = BUILT_PRODUCTS_DIR; };
		184C989D2347EEC600C8C9D6 /* AppDelegate.swift */ = {isa = PBXFileReference; lastKnownFileType = sourcecode.swift; path = AppDelegate.swift; sourceTree = "<group>"; };
		184C989F2347EEC600C8C9D6 /* SceneDelegate.swift */ = {isa = PBXFileReference; lastKnownFileType = sourcecode.swift; path = SceneDelegate.swift; sourceTree = "<group>"; };
		184C98A12347EEC600C8C9D6 /* ContentView.swift */ = {isa = PBXFileReference; lastKnownFileType = sourcecode.swift; path = ContentView.swift; sourceTree = "<group>"; };
		184C98A32347EECC00C8C9D6 /* Assets.xcassets */ = {isa = PBXFileReference; lastKnownFileType = folder.assetcatalog; path = Assets.xcassets; sourceTree = "<group>"; };
		184C98A62347EECC00C8C9D6 /* Preview Assets.xcassets */ = {isa = PBXFileReference; lastKnownFileType = folder.assetcatalog; path = "Preview Assets.xcassets"; sourceTree = "<group>"; };
		184C98A92347EECC00C8C9D6 /* Base */ = {isa = PBXFileReference; lastKnownFileType = file.storyboard; name = Base; path = Base.lproj/LaunchScreen.storyboard; sourceTree = "<group>"; };
		184C98AB2347EECC00C8C9D6 /* Info.plist */ = {isa = PBXFileReference; lastKnownFileType = text.plist.xml; path = Info.plist; sourceTree = "<group>"; };
		184C98B02347EECC00C8C9D6 /* Purple TreeTests.xctest */ = {isa = PBXFileReference; explicitFileType = wrapper.cfbundle; includeInIndex = 0; path = "Purple TreeTests.xctest"; sourceTree = BUILT_PRODUCTS_DIR; };
		184C98B42347EECC00C8C9D6 /* Purple_TreeTests.swift */ = {isa = PBXFileReference; lastKnownFileType = sourcecode.swift; path = Purple_TreeTests.swift; sourceTree = "<group>"; };
		184C98B62347EECC00C8C9D6 /* Info.plist */ = {isa = PBXFileReference; lastKnownFileType = text.plist.xml; path = Info.plist; sourceTree = "<group>"; };
		184C98C12347F25B00C8C9D6 /* SpeakerList.swift */ = {isa = PBXFileReference; lastKnownFileType = sourcecode.swift; path = SpeakerList.swift; sourceTree = "<group>"; };
		184C98C62347F3EA00C8C9D6 /* UserData.swift */ = {isa = PBXFileReference; explicitFileType = text.json; path = UserData.swift; sourceTree = "<group>"; };
		184C98D32347FC6F00C8C9D6 /* Data.swift */ = {isa = PBXFileReference; lastKnownFileType = sourcecode.swift; path = Data.swift; sourceTree = "<group>"; };
		184C98D72347FCF200C8C9D6 /* Event.swift */ = {isa = PBXFileReference; lastKnownFileType = sourcecode.swift; path = Event.swift; sourceTree = "<group>"; };
		184C98DC2348067B00C8C9D6 /* eventData.json */ = {isa = PBXFileReference; fileEncoding = 4; lastKnownFileType = text.json; path = eventData.json; sourceTree = "<group>"; };
/* End PBXFileReference section */

/* Begin PBXFrameworksBuildPhase section */
		184C98972347EEC600C8C9D6 /* Frameworks */ = {
			isa = PBXFrameworksBuildPhase;
			buildActionMask = 2147483647;
			files = (
			);
			runOnlyForDeploymentPostprocessing = 0;
		};
		184C98AD2347EECC00C8C9D6 /* Frameworks */ = {
			isa = PBXFrameworksBuildPhase;
			buildActionMask = 2147483647;
			files = (
			);
			runOnlyForDeploymentPostprocessing = 0;
		};
/* End PBXFrameworksBuildPhase section */

/* Begin PBXGroup section */
		184C98912347EEC600C8C9D6 = {
			isa = PBXGroup;
			children = (
				184C989C2347EEC600C8C9D6 /* Purple Tree */,
				184C98B32347EECC00C8C9D6 /* Purple TreeTests */,
				184C989B2347EEC600C8C9D6 /* Products */,
			);
			sourceTree = "<group>";
		};
		184C989B2347EEC600C8C9D6 /* Products */ = {
			isa = PBXGroup;
			children = (
				184C989A2347EEC600C8C9D6 /* Purple Tree.app */,
				184C98B02347EECC00C8C9D6 /* Purple TreeTests.xctest */,
			);
			name = Products;
			sourceTree = "<group>";
		};
		184C989C2347EEC600C8C9D6 /* Purple Tree */ = {
			isa = PBXGroup;
			children = (
				184C98C52347F39800C8C9D6 /* Models */,
				184C989D2347EEC600C8C9D6 /* AppDelegate.swift */,
				184C989F2347EEC600C8C9D6 /* SceneDelegate.swift */,
				184C98A12347EEC600C8C9D6 /* ContentView.swift */,
				184C98C12347F25B00C8C9D6 /* SpeakerList.swift */,
				184C98A32347EECC00C8C9D6 /* Assets.xcassets */,
				184C98A82347EECC00C8C9D6 /* LaunchScreen.storyboard */,
				184C98AB2347EECC00C8C9D6 /* Info.plist */,
				184C98C92347F44000C8C9D6 /* Resources */,
				184C98A52347EECC00C8C9D6 /* Preview Content */,
			);
			path = "Purple Tree";
			sourceTree = "<group>";
		};
		184C98A52347EECC00C8C9D6 /* Preview Content */ = {
			isa = PBXGroup;
			children = (
				184C98A62347EECC00C8C9D6 /* Preview Assets.xcassets */,
			);
			path = "Preview Content";
			sourceTree = "<group>";
		};
		184C98B32347EECC00C8C9D6 /* Purple TreeTests */ = {
			isa = PBXGroup;
			children = (
				184C98B42347EECC00C8C9D6 /* Purple_TreeTests.swift */,
				184C98B62347EECC00C8C9D6 /* Info.plist */,
			);
			path = "Purple TreeTests";
			sourceTree = "<group>";
		};
		184C98C52347F39800C8C9D6 /* Models */ = {
			isa = PBXGroup;
			children = (
				184C98C62347F3EA00C8C9D6 /* UserData.swift */,
				184C98D32347FC6F00C8C9D6 /* Data.swift */,
				184C98D72347FCF200C8C9D6 /* Event.swift */,
			);
			path = Models;
			sourceTree = "<group>";
		};
		184C98C92347F44000C8C9D6 /* Resources */ = {
			isa = PBXGroup;
			children = (
				184C98DC2348067B00C8C9D6 /* eventData.json */,
			);
			path = Resources;
			sourceTree = "<group>";
		};
/* End PBXGroup section */

/* Begin PBXNativeTarget section */
		184C98992347EEC600C8C9D6 /* Purple Tree */ = {
			isa = PBXNativeTarget;
			buildConfigurationList = 184C98B92347EECD00C8C9D6 /* Build configuration list for PBXNativeTarget "Purple Tree" */;
			buildPhases = (
				184C98962347EEC600C8C9D6 /* Sources */,
				184C98972347EEC600C8C9D6 /* Frameworks */,
				184C98982347EEC600C8C9D6 /* Resources */,
			);
			buildRules = (
			);
			dependencies = (
			);
			name = "Purple Tree";
			productName = "Purple Tree";
			productReference = 184C989A2347EEC600C8C9D6 /* Purple Tree.app */;
			productType = "com.apple.product-type.application";
		};
		184C98AF2347EECC00C8C9D6 /* Purple TreeTests */ = {
			isa = PBXNativeTarget;
			buildConfigurationList = 184C98BC2347EECD00C8C9D6 /* Build configuration list for PBXNativeTarget "Purple TreeTests" */;
			buildPhases = (
				184C98AC2347EECC00C8C9D6 /* Sources */,
				184C98AD2347EECC00C8C9D6 /* Frameworks */,
				184C98AE2347EECC00C8C9D6 /* Resources */,
			);
			buildRules = (
			);
			dependencies = (
				184C98B22347EECC00C8C9D6 /* PBXTargetDependency */,
			);
			name = "Purple TreeTests";
			productName = "Purple TreeTests";
			productReference = 184C98B02347EECC00C8C9D6 /* Purple TreeTests.xctest */;
			productType = "com.apple.product-type.bundle.unit-test";
		};
/* End PBXNativeTarget section */

/* Begin PBXProject section */
		184C98922347EEC600C8C9D6 /* Project object */ = {
			isa = PBXProject;
			attributes = {
				LastSwiftUpdateCheck = 1100;
				LastUpgradeCheck = 1100;
				ORGANIZATIONNAME = purpletree;
				TargetAttributes = {
					184C98992347EEC600C8C9D6 = {
						CreatedOnToolsVersion = 11.0;
					};
					184C98AF2347EECC00C8C9D6 = {
						CreatedOnToolsVersion = 11.0;
						TestTargetID = 184C98992347EEC600C8C9D6;
					};
				};
			};
			buildConfigurationList = 184C98952347EEC600C8C9D6 /* Build configuration list for PBXProject "Purple Tree" */;
			compatibilityVersion = "Xcode 9.3";
			developmentRegion = en;
			hasScannedForEncodings = 0;
			knownRegions = (
				en,
				Base,
			);
			mainGroup = 184C98912347EEC600C8C9D6;
			productRefGroup = 184C989B2347EEC600C8C9D6 /* Products */;
			projectDirPath = "";
			projectRoot = "";
			targets = (
				184C98992347EEC600C8C9D6 /* Purple Tree */,
				184C98AF2347EECC00C8C9D6 /* Purple TreeTests */,
			);
		};
/* End PBXProject section */

/* Begin PBXResourcesBuildPhase section */
		184C98982347EEC600C8C9D6 /* Resources */ = {
			isa = PBXResourcesBuildPhase;
			buildActionMask = 2147483647;
			files = (
				184C98AA2347EECC00C8C9D6 /* LaunchScreen.storyboard in Resources */,
				184C98A72347EECC00C8C9D6 /* Preview Assets.xcassets in Resources */,
				184C98DD2348067B00C8C9D6 /* eventData.json in Resources */,
				184C98A42347EECC00C8C9D6 /* Assets.xcassets in Resources */,
			);
			runOnlyForDeploymentPostprocessing = 0;
		};
		184C98AE2347EECC00C8C9D6 /* Resources */ = {
			isa = PBXResourcesBuildPhase;
			buildActionMask = 2147483647;
			files = (
			);
			runOnlyForDeploymentPostprocessing = 0;
		};
/* End PBXResourcesBuildPhase section */

/* Begin PBXSourcesBuildPhase section */
		184C98962347EEC600C8C9D6 /* Sources */ = {
			isa = PBXSourcesBuildPhase;
			buildActionMask = 2147483647;
			files = (
				184C989E2347EEC600C8C9D6 /* AppDelegate.swift in Sources */,
				184C98D42347FC6F00C8C9D6 /* Data.swift in Sources */,
				184C98A02347EEC600C8C9D6 /* SceneDelegate.swift in Sources */,
				184C98A22347EEC600C8C9D6 /* ContentView.swift in Sources */,
				184C98C72347F3EA00C8C9D6 /* UserData.swift in Sources */,
				184C98D82347FCF200C8C9D6 /* Event.swift in Sources */,
				184C98C22347F25B00C8C9D6 /* SpeakerList.swift in Sources */,
			);
			runOnlyForDeploymentPostprocessing = 0;
		};
		184C98AC2347EECC00C8C9D6 /* Sources */ = {
			isa = PBXSourcesBuildPhase;
			buildActionMask = 2147483647;
			files = (
				184C98B52347EECC00C8C9D6 /* Purple_TreeTests.swift in Sources */,
			);
			runOnlyForDeploymentPostprocessing = 0;
		};
/* End PBXSourcesBuildPhase section */

/* Begin PBXTargetDependency section */
		184C98B22347EECC00C8C9D6 /* PBXTargetDependency */ = {
			isa = PBXTargetDependency;
			target = 184C98992347EEC600C8C9D6 /* Purple Tree */;
			targetProxy = 184C98B12347EECC00C8C9D6 /* PBXContainerItemProxy */;
		};
/* End PBXTargetDependency section */

/* Begin PBXVariantGroup section */
		184C98A82347EECC00C8C9D6 /* LaunchScreen.storyboard */ = {
			isa = PBXVariantGroup;
			children = (
				184C98A92347EECC00C8C9D6 /* Base */,
			);
			name = LaunchScreen.storyboard;
			sourceTree = "<group>";
		};
/* End PBXVariantGroup section */

/* Begin XCBuildConfiguration section */
		184C98B72347EECD00C8C9D6 /* Debug */ = {
			isa = XCBuildConfiguration;
			buildSettings = {
				ALWAYS_SEARCH_USER_PATHS = NO;
				CLANG_ANALYZER_NONNULL = YES;
				CLANG_ANALYZER_NUMBER_OBJECT_CONVERSION = YES_AGGRESSIVE;
				CLANG_CXX_LANGUAGE_STANDARD = "gnu++14";
				CLANG_CXX_LIBRARY = "libc++";
				CLANG_ENABLE_MODULES = YES;
				CLANG_ENABLE_OBJC_ARC = YES;
				CLANG_ENABLE_OBJC_WEAK = YES;
				CLANG_WARN_BLOCK_CAPTURE_AUTORELEASING = YES;
				CLANG_WARN_BOOL_CONVERSION = YES;
				CLANG_WARN_COMMA = YES;
				CLANG_WARN_CONSTANT_CONVERSION = YES;
				CLANG_WARN_DEPRECATED_OBJC_IMPLEMENTATIONS = YES;
				CLANG_WARN_DIRECT_OBJC_ISA_USAGE = YES_ERROR;
				CLANG_WARN_DOCUMENTATION_COMMENTS = YES;
				CLANG_WARN_EMPTY_BODY = YES;
				CLANG_WARN_ENUM_CONVERSION = YES;
				CLANG_WARN_INFINITE_RECURSION = YES;
				CLANG_WARN_INT_CONVERSION = YES;
				CLANG_WARN_NON_LITERAL_NULL_CONVERSION = YES;
				CLANG_WARN_OBJC_IMPLICIT_RETAIN_SELF = YES;
				CLANG_WARN_OBJC_LITERAL_CONVERSION = YES;
				CLANG_WARN_OBJC_ROOT_CLASS = YES_ERROR;
				CLANG_WARN_RANGE_LOOP_ANALYSIS = YES;
				CLANG_WARN_STRICT_PROTOTYPES = YES;
				CLANG_WARN_SUSPICIOUS_MOVE = YES;
				CLANG_WARN_UNGUARDED_AVAILABILITY = YES_AGGRESSIVE;
				CLANG_WARN_UNREACHABLE_CODE = YES;
				CLANG_WARN__DUPLICATE_METHOD_MATCH = YES;
				COPY_PHASE_STRIP = NO;
				DEBUG_INFORMATION_FORMAT = dwarf;
				ENABLE_STRICT_OBJC_MSGSEND = YES;
				ENABLE_TESTABILITY = YES;
				GCC_C_LANGUAGE_STANDARD = gnu11;
				GCC_DYNAMIC_NO_PIC = NO;
				GCC_NO_COMMON_BLOCKS = YES;
				GCC_OPTIMIZATION_LEVEL = 0;
				GCC_PREPROCESSOR_DEFINITIONS = (
					"DEBUG=1",
					"$(inherited)",
				);
				GCC_WARN_64_TO_32_BIT_CONVERSION = YES;
				GCC_WARN_ABOUT_RETURN_TYPE = YES_ERROR;
				GCC_WARN_UNDECLARED_SELECTOR = YES;
				GCC_WARN_UNINITIALIZED_AUTOS = YES_AGGRESSIVE;
				GCC_WARN_UNUSED_FUNCTION = YES;
				GCC_WARN_UNUSED_VARIABLE = YES;
				IPHONEOS_DEPLOYMENT_TARGET = 13.0;
				MTL_ENABLE_DEBUG_INFO = INCLUDE_SOURCE;
				MTL_FAST_MATH = YES;
				ONLY_ACTIVE_ARCH = YES;
				SDKROOT = iphoneos;
				SWIFT_ACTIVE_COMPILATION_CONDITIONS = DEBUG;
				SWIFT_OPTIMIZATION_LEVEL = "-Onone";
			};
			name = Debug;
		};
		184C98B82347EECD00C8C9D6 /* Release */ = {
			isa = XCBuildConfiguration;
			buildSettings = {
				ALWAYS_SEARCH_USER_PATHS = NO;
				CLANG_ANALYZER_NONNULL = YES;
				CLANG_ANALYZER_NUMBER_OBJECT_CONVERSION = YES_AGGRESSIVE;
				CLANG_CXX_LANGUAGE_STANDARD = "gnu++14";
				CLANG_CXX_LIBRARY = "libc++";
				CLANG_ENABLE_MODULES = YES;
				CLANG_ENABLE_OBJC_ARC = YES;
				CLANG_ENABLE_OBJC_WEAK = YES;
				CLANG_WARN_BLOCK_CAPTURE_AUTORELEASING = YES;
				CLANG_WARN_BOOL_CONVERSION = YES;
				CLANG_WARN_COMMA = YES;
				CLANG_WARN_CONSTANT_CONVERSION = YES;
				CLANG_WARN_DEPRECATED_OBJC_IMPLEMENTATIONS = YES;
				CLANG_WARN_DIRECT_OBJC_ISA_USAGE = YES_ERROR;
				CLANG_WARN_DOCUMENTATION_COMMENTS = YES;
				CLANG_WARN_EMPTY_BODY = YES;
				CLANG_WARN_ENUM_CONVERSION = YES;
				CLANG_WARN_INFINITE_RECURSION = YES;
				CLANG_WARN_INT_CONVERSION = YES;
				CLANG_WARN_NON_LITERAL_NULL_CONVERSION = YES;
				CLANG_WARN_OBJC_IMPLICIT_RETAIN_SELF = YES;
				CLANG_WARN_OBJC_LITERAL_CONVERSION = YES;
				CLANG_WARN_OBJC_ROOT_CLASS = YES_ERROR;
				CLANG_WARN_RANGE_LOOP_ANALYSIS = YES;
				CLANG_WARN_STRICT_PROTOTYPES = YES;
				CLANG_WARN_SUSPICIOUS_MOVE = YES;
				CLANG_WARN_UNGUARDED_AVAILABILITY = YES_AGGRESSIVE;
				CLANG_WARN_UNREACHABLE_CODE = YES;
				CLANG_WARN__DUPLICATE_METHOD_MATCH = YES;
				COPY_PHASE_STRIP = NO;
				DEBUG_INFORMATION_FORMAT = "dwarf-with-dsym";
				ENABLE_NS_ASSERTIONS = NO;
				ENABLE_STRICT_OBJC_MSGSEND = YES;
				GCC_C_LANGUAGE_STANDARD = gnu11;
				GCC_NO_COMMON_BLOCKS = YES;
				GCC_WARN_64_TO_32_BIT_CONVERSION = YES;
				GCC_WARN_ABOUT_RETURN_TYPE = YES_ERROR;
				GCC_WARN_UNDECLARED_SELECTOR = YES;
				GCC_WARN_UNINITIALIZED_AUTOS = YES_AGGRESSIVE;
				GCC_WARN_UNUSED_FUNCTION = YES;
				GCC_WARN_UNUSED_VARIABLE = YES;
				IPHONEOS_DEPLOYMENT_TARGET = 13.0;
				MTL_ENABLE_DEBUG_INFO = NO;
				MTL_FAST_MATH = YES;
				SDKROOT = iphoneos;
				SWIFT_COMPILATION_MODE = wholemodule;
				SWIFT_OPTIMIZATION_LEVEL = "-O";
				VALIDATE_PRODUCT = YES;
			};
			name = Release;
		};
		184C98BA2347EECD00C8C9D6 /* Debug */ = {
			isa = XCBuildConfiguration;
			buildSettings = {
				ASSETCATALOG_COMPILER_APPICON_NAME = AppIcon;
				CODE_SIGN_STYLE = Automatic;
				DEVELOPMENT_ASSET_PATHS = "\"Purple Tree/Preview Content\"";
				ENABLE_PREVIEWS = YES;
				INFOPLIST_FILE = "Purple Tree/Info.plist";
				LD_RUNPATH_SEARCH_PATHS = (
					"$(inherited)",
					"@executable_path/Frameworks",
				);
				PRODUCT_BUNDLE_IDENTIFIER = "purpletree.Purple-Tree";
				PRODUCT_NAME = "$(TARGET_NAME)";
				SWIFT_VERSION = 5.0;
				TARGETED_DEVICE_FAMILY = "1,2";
			};
			name = Debug;
		};
		184C98BB2347EECD00C8C9D6 /* Release */ = {
			isa = XCBuildConfiguration;
			buildSettings = {
				ASSETCATALOG_COMPILER_APPICON_NAME = AppIcon;
				CODE_SIGN_STYLE = Automatic;
				DEVELOPMENT_ASSET_PATHS = "\"Purple Tree/Preview Content\"";
				ENABLE_PREVIEWS = YES;
				INFOPLIST_FILE = "Purple Tree/Info.plist";
				LD_RUNPATH_SEARCH_PATHS = (
					"$(inherited)",
					"@executable_path/Frameworks",
				);
				PRODUCT_BUNDLE_IDENTIFIER = "purpletree.Purple-Tree";
				PRODUCT_NAME = "$(TARGET_NAME)";
				SWIFT_VERSION = 5.0;
				TARGETED_DEVICE_FAMILY = "1,2";
			};
			name = Release;
		};
		184C98BD2347EECD00C8C9D6 /* Debug */ = {
			isa = XCBuildConfiguration;
			buildSettings = {
				ALWAYS_EMBED_SWIFT_STANDARD_LIBRARIES = YES;
				BUNDLE_LOADER = "$(TEST_HOST)";
				CODE_SIGN_STYLE = Automatic;
				INFOPLIST_FILE = "Purple TreeTests/Info.plist";
				IPHONEOS_DEPLOYMENT_TARGET = 13.0;
				LD_RUNPATH_SEARCH_PATHS = (
					"$(inherited)",
					"@executable_path/Frameworks",
					"@loader_path/Frameworks",
				);
				PRODUCT_BUNDLE_IDENTIFIER = "purpletree.Purple-TreeTests";
				PRODUCT_NAME = "$(TARGET_NAME)";
				SWIFT_VERSION = 5.0;
				TARGETED_DEVICE_FAMILY = "1,2";
				TEST_HOST = "$(BUILT_PRODUCTS_DIR)/Purple Tree.app/Purple Tree";
			};
			name = Debug;
		};
		184C98BE2347EECD00C8C9D6 /* Release */ = {
			isa = XCBuildConfiguration;
			buildSettings = {
				ALWAYS_EMBED_SWIFT_STANDARD_LIBRARIES = YES;
				BUNDLE_LOADER = "$(TEST_HOST)";
				CODE_SIGN_STYLE = Automatic;
				INFOPLIST_FILE = "Purple TreeTests/Info.plist";
				IPHONEOS_DEPLOYMENT_TARGET = 13.0;
				LD_RUNPATH_SEARCH_PATHS = (
					"$(inherited)",
					"@executable_path/Frameworks",
					"@loader_path/Frameworks",
				);
				PRODUCT_BUNDLE_IDENTIFIER = "purpletree.Purple-TreeTests";
				PRODUCT_NAME = "$(TARGET_NAME)";
				SWIFT_VERSION = 5.0;
				TARGETED_DEVICE_FAMILY = "1,2";
				TEST_HOST = "$(BUILT_PRODUCTS_DIR)/Purple Tree.app/Purple Tree";
			};
			name = Release;
		};
/* End XCBuildConfiguration section */

/* Begin XCConfigurationList section */
		184C98952347EEC600C8C9D6 /* Build configuration list for PBXProject "Purple Tree" */ = {
			isa = XCConfigurationList;
			buildConfigurations = (
				184C98B72347EECD00C8C9D6 /* Debug */,
				184C98B82347EECD00C8C9D6 /* Release */,
			);
			defaultConfigurationIsVisible = 0;
			defaultConfigurationName = Release;
		};
		184C98B92347EECD00C8C9D6 /* Build configuration list for PBXNativeTarget "Purple Tree" */ = {
			isa = XCConfigurationList;
			buildConfigurations = (
				184C98BA2347EECD00C8C9D6 /* Debug */,
				184C98BB2347EECD00C8C9D6 /* Release */,
			);
			defaultConfigurationIsVisible = 0;
			defaultConfigurationName = Release;
		};
		184C98BC2347EECD00C8C9D6 /* Build configuration list for PBXNativeTarget "Purple TreeTests" */ = {
			isa = XCConfigurationList;
			buildConfigurations = (
				184C98BD2347EECD00C8C9D6 /* Debug */,
				184C98BE2347EECD00C8C9D6 /* Release */,
			);
			defaultConfigurationIsVisible = 0;
			defaultConfigurationName = Release;
		};
/* End XCConfigurationList section */
	};
	rootObject = 184C98922347EEC600C8C9D6 /* Project object */;
}
